<?xml version="1.0" encoding="utf-8"?>
<Project ToolsVersion="4.0" xmlns="http://schemas.microsoft.com/developer/msbuild/2003">
  <ItemGroup>
    <Filter Include="源文件">
      <UniqueIdentifier>{4FC737F1-C7A5-4376-A066-2A32D752A2FF}</UniqueIdentifier>
      <Extensions>cpp;c;cc;cxx;def;odl;idl;hpj;bat;asm;asmx</Extensions>
    </Filter>
    <Filter Include="头文件">
      <UniqueIdentifier>{93995380-89BD-4b04-88EB-625FBE52EBFB}</UniqueIdentifier>
      <Extensions>h;hh;hpp;hxx;hm;inl;inc;xsd</Extensions>
    </Filter>
    <Filter Include="资源文件">
      <UniqueIdentifier>{67DA6AB6-F800-4c08-8B7A-83BB121AAD01}</UniqueIdentifier>
      <Extensions>rc;ico;cur;bmp;dlg;rc2;rct;bin;rgs;gif;jpg;jpeg;jpe;resx;tiff;tif;png;wav;mfcribbon-ms</Extensions>
    </Filter>
  </ItemGroup>
  <ItemGroup>
    <ClInclude Include="event_poller.h">
      <Filter>头文件</Filter>
    </ClInclude>
    <ClInclude Include="event_processor.h">
      <Filter>头文件</Filter>
    </ClInclude>
    <ClInclude Include="interface.h">
      <Filter>头文件</Filter>
    </ClInclude>
    <ClInclude Include="log.h">
      <Filter>头文件</Filter>
    </ClInclude>
    <ClInclude Include="message_center.h">
      <Filter>头文件</Filter>
    </ClInclude>
    <ClInclude Include="message_manager.h">
      <Filter>头文件</Filter>
    </ClInclude>
    <ClInclude Include="message_memory.h">
      <Filter>头文件</Filter>
    </ClInclude>
    <ClInclude Include="network_center.h">
      <Filter>头文件</Filter>
    </ClInclude>
    <ClInclude Include="network_define.h">
      <Filter>头文件</Filter>
    </ClInclude>
    <ClInclude Include="packet_reader.h">
      <Filter>头文件</Filter>
    </ClInclude>
    <ClInclude Include="packet_sender.h">
      <Filter>头文件</Filter>
    </ClInclude>
    <ClInclude Include="platform.h">
      <Filter>头文件</Filter>
    </ClInclude>
    <ClInclude Include="session.h">
      <Filter>头文件</Filter>
    </ClInclude>
    <ClInclude Include="singleton.h">
      <Filter>头文件</Filter>
    </ClInclude>
    <ClInclude Include="socket_file_discriptor.h">
      <Filter>头文件</Filter>
    </ClInclude>
    <ClInclude Include="string_util.h">
      <Filter>头文件</Filter>
    </ClInclude>
    <ClInclude Include="test_msg_define.h">
      <Filter>头文件</Filter>
    </ClInclude>
    <ClInclude Include="..\lib\format.h">
      <Filter>头文件</Filter>
    </ClInclude>
    <ClInclude Include="address.h">
      <Filter>头文件</Filter>
    </ClInclude>
    <ClInclude Include="command_line.h">
      <Filter>头文件</Filter>
    </ClInclude>
  </ItemGroup>
  <ItemGroup>
    <ClCompile Include="event_poller.cpp">
      <Filter>源文件</Filter>
    </ClCompile>
    <ClCompile Include="event_processor.cpp">
      <Filter>源文件</Filter>
    </ClCompile>
    <ClCompile Include="interface.cpp">
      <Filter>源文件</Filter>
    </ClCompile>
    <ClCompile Include="log.cpp">
      <Filter>源文件</Filter>
    </ClCompile>
    <ClCompile Include="message_center.cpp">
      <Filter>源文件</Filter>
    </ClCompile>
    <ClCompile Include="message_manager.cpp">
      <Filter>源文件</Filter>
    </ClCompile>
    <ClCompile Include="network_center.cpp">
      <Filter>源文件</Filter>
    </ClCompile>
    <ClCompile Include="packet_reader.cpp">
      <Filter>源文件</Filter>
    </ClCompile>
    <ClCompile Include="packet_sender.cpp">
      <Filter>源文件</Filter>
    </ClCompile>
    <ClCompile Include="session.cpp">
      <Filter>源文件</Filter>
    </ClCompile>
    <ClCompile Include="socket_file_discriptor.cpp">
      <Filter>源文件</Filter>
    </ClCompile>
    <ClCompile Include="..\lib\format.cpp">
      <Filter>源文件</Filter>
    </ClCompile>
    <ClCompile Include="address.cpp">
      <Filter>源文件</Filter>
    </ClCompile>
    <ClCompile Include="command_line.cpp">
      <Filter>源文件</Filter>
    </ClCompile>
  </ItemGroup>
</Project>